
Microsoft Visual Studio Solution File, Format Version 12.00
# Visual Studio Version 17
VisualStudioVersion = 17.3.32922.545
MinimumVisualStudioVersion = 10.0.40219.1
Project("{8BC9CEB8-8B4A-11D0-8D11-00A0C91BC942}") = "SerialReadArduino", "Device_SerialRead_Ardoino_C\SerialReadArduino.vcxproj", "{6C93D76F-B4A3-49E9-BFB4-7F56621482F6}"
EndProject
Project("{2150E333-8FDC-42A3-9474-1A3956D46DE8}") = "ProofOfConcept_basics", "ProofOfConcept_basics", "{F76B8076-374E-40BC-A156-F8B3FACE25F4}"
	ProjectSection(SolutionItems) = preProject
		Desktop_Application_CSharp\ProofOfConcept_basics\SocketIOHandShake_CSharp_Nodejs_DotNetFramework\SocketIOHandShake_CSharp_Nodejs_DotNetFramework.csproj = Desktop_Application_CSharp\ProofOfConcept_basics\SocketIOHandShake_CSharp_Nodejs_DotNetFramework\SocketIOHandShake_CSharp_Nodejs_DotNetFramework.csproj
	EndProjectSection
EndProject
Project("{9A19103F-16F7-4668-BE54-9A1E7A4F7556}") = "SerialComWrite_Arduino", "Desktop_Application_CSharp\ProofOfConcept_basics\SerialComWrite_Arduino\SerialComWrite_Arduino.csproj", "{114D437A-8C90-4DD7-B70C-598C64E60327}"
EndProject
Project("{9A19103F-16F7-4668-BE54-9A1E7A4F7556}") = "SocketIOHandShake_CSharp_Nodejs", "Desktop_Application_CSharp\ProofOfConcept_basics\SocketIOHandShake_CSharp_Nodejs\SocketIOHandShake_CSharp_Nodejs.csproj", "{51690CA4-28F8-4FBB-BEBB-491AACF7EBA1}"
EndProject
Global
	GlobalSection(SolutionConfigurationPlatforms) = preSolution
		Debug|Any CPU = Debug|Any CPU
		Debug|x64 = Debug|x64
		Debug|x86 = Debug|x86
		Release|Any CPU = Release|Any CPU
		Release|x64 = Release|x64
		Release|x86 = Release|x86
	EndGlobalSection
	GlobalSection(ProjectConfigurationPlatforms) = postSolution
		{6C93D76F-B4A3-49E9-BFB4-7F56621482F6}.Debug|Any CPU.ActiveCfg = Debug|x64
		{6C93D76F-B4A3-49E9-BFB4-7F56621482F6}.Debug|Any CPU.Build.0 = Debug|x64
		{6C93D76F-B4A3-49E9-BFB4-7F56621482F6}.Debug|x64.ActiveCfg = Debug|x64
		{6C93D76F-B4A3-49E9-BFB4-7F56621482F6}.Debug|x64.Build.0 = Debug|x64
		{6C93D76F-B4A3-49E9-BFB4-7F56621482F6}.Debug|x86.ActiveCfg = Debug|Win32
		{6C93D76F-B4A3-49E9-BFB4-7F56621482F6}.Debug|x86.Build.0 = Debug|Win32
		{6C93D76F-B4A3-49E9-BFB4-7F56621482F6}.Release|Any CPU.ActiveCfg = Release|x64
		{6C93D76F-B4A3-49E9-BFB4-7F56621482F6}.Release|Any CPU.Build.0 = Release|x64
		{6C93D76F-B4A3-49E9-BFB4-7F56621482F6}.Release|x64.ActiveCfg = Release|x64
		{6C93D76F-B4A3-49E9-BFB4-7F56621482F6}.Release|x64.Build.0 = Release|x64
		{6C93D76F-B4A3-49E9-BFB4-7F56621482F6}.Release|x86.ActiveCfg = Release|Win32
		{6C93D76F-B4A3-49E9-BFB4-7F56621482F6}.Release|x86.Build.0 = Release|Win32
		{114D437A-8C90-4DD7-B70C-598C64E60327}.Debug|Any CPU.ActiveCfg = Debug|Any CPU
		{114D437A-8C90-4DD7-B70C-598C64E60327}.Debug|Any CPU.Build.0 = Debug|Any CPU
		{114D437A-8C90-4DD7-B70C-598C64E60327}.Debug|x64.ActiveCfg = Debug|Any CPU
		{114D437A-8C90-4DD7-B70C-598C64E60327}.Debug|x64.Build.0 = Debug|Any CPU
		{114D437A-8C90-4DD7-B70C-598C64E60327}.Debug|x86.ActiveCfg = Debug|Any CPU
		{114D437A-8C90-4DD7-B70C-598C64E60327}.Debug|x86.Build.0 = Debug|Any CPU
		{114D437A-8C90-4DD7-B70C-598C64E60327}.Release|Any CPU.ActiveCfg = Release|Any CPU
		{114D437A-8C90-4DD7-B70C-598C64E60327}.Release|Any CPU.Build.0 = Release|Any CPU
		{114D437A-8C90-4DD7-B70C-598C64E60327}.Release|x64.ActiveCfg = Release|Any CPU
		{114D437A-8C90-4DD7-B70C-598C64E60327}.Release|x64.Build.0 = Release|Any CPU
		{114D437A-8C90-4DD7-B70C-598C64E60327}.Release|x86.ActiveCfg = Release|Any CPU
		{114D437A-8C90-4DD7-B70C-598C64E60327}.Release|x86.Build.0 = Release|Any CPU
		{51690CA4-28F8-4FBB-BEBB-491AACF7EBA1}.Debug|Any CPU.ActiveCfg = Debug|Any CPU
		{51690CA4-28F8-4FBB-BEBB-491AACF7EBA1}.Debug|Any CPU.Build.0 = Debug|Any CPU
		{51690CA4-28F8-4FBB-BEBB-491AACF7EBA1}.Debug|x64.ActiveCfg = Debug|Any CPU
		{51690CA4-28F8-4FBB-BEBB-491AACF7EBA1}.Debug|x64.Build.0 = Debug|Any CPU
		{51690CA4-28F8-4FBB-BEBB-491AACF7EBA1}.Debug|x86.ActiveCfg = Debug|Any CPU
		{51690CA4-28F8-4FBB-BEBB-491AACF7EBA1}.Debug|x86.Build.0 = Debug|Any CPU
		{51690CA4-28F8-4FBB-BEBB-491AACF7EBA1}.Release|Any CPU.ActiveCfg = Release|Any CPU
		{51690CA4-28F8-4FBB-BEBB-491AACF7EBA1}.Release|Any CPU.Build.0 = Release|Any CPU
		{51690CA4-28F8-4FBB-BEBB-491AACF7EBA1}.Release|x64.ActiveCfg = Release|Any CPU
		{51690CA4-28F8-4FBB-BEBB-491AACF7EBA1}.Release|x64.Build.0 = Release|Any CPU
		{51690CA4-28F8-4FBB-BEBB-491AACF7EBA1}.Release|x86.ActiveCfg = Release|Any CPU
		{51690CA4-28F8-4FBB-BEBB-491AACF7EBA1}.Release|x86.Build.0 = Release|Any CPU
	EndGlobalSection
	GlobalSection(SolutionProperties) = preSolution
		HideSolutionNode = FALSE
	EndGlobalSection
	GlobalSection(NestedProjects) = preSolution
		{114D437A-8C90-4DD7-B70C-598C64E60327} = {F76B8076-374E-40BC-A156-F8B3FACE25F4}
		{51690CA4-28F8-4FBB-BEBB-491AACF7EBA1} = {F76B8076-374E-40BC-A156-F8B3FACE25F4}
	EndGlobalSection
	GlobalSection(ExtensibilityGlobals) = postSolution
		SolutionGuid = {D94D87CB-BED8-4038-B318-A3C2C24F4BCF}
	EndGlobalSection
EndGlobal
