
Microsoft Visual Studio Solution File, Format Version 12.00
# Visual Studio Version 17
VisualStudioVersion = 17.3.32922.545
MinimumVisualStudioVersion = 10.0.40219.1
Project("{8BC9CEB8-8B4A-11D0-8D11-00A0C91BC942}") = "SerialReadArduino", "Device_SerialRead_Ardoino_C\SerialReadArduino.vcxproj", "{6C93D76F-B4A3-49E9-BFB4-7F56621482F6}"
EndProject
Project("{9A19103F-16F7-4668-BE54-9A1E7A4F7556}") = "Desktop_Application_CSharp", "Desktop_Application_CSharp\Desktop_Application_CSharp.csproj", "{7FC8B0CD-E939-4825-88B2-FE9334EA8D2D}"
EndProject
Project("{2150E333-8FDC-42A3-9474-1A3956D46DE8}") = "ProofOfConcept_basics", "ProofOfConcept_basics", "{F4CBDC74-78B4-4FC2-9B43-B6C44B392B88}"
EndProject
Project("{9A19103F-16F7-4668-BE54-9A1E7A4F7556}") = "SerialComWrite_Arduino", "_ProofOfConcept_basics\SerialComWrite_Arduino\SerialComWrite_Arduino.csproj", "{D9515D05-52CA-4CFE-8900-0F58DBC1B212}"
EndProject
Project("{9A19103F-16F7-4668-BE54-9A1E7A4F7556}") = "SocketIOHandShake_CSharp_Nodejs", "_ProofOfConcept_basics\SocketIOHandShake_CSharp_Nodejs\SocketIOHandShake_CSharp_Nodejs.csproj", "{58FCE1D2-1C45-4033-AC5A-94679BA79574}"
EndProject
Project("{FAE04EC0-301F-11D3-BF4B-00C04F79EFBC}") = "SocketIOHandShake_CSharp_Nodejs_DotNetFramework", "_ProofOfConcept_basics\SocketIOHandShake_CSharp_Nodejs_DotNetFramework\SocketIOHandShake_CSharp_Nodejs_DotNetFramework.csproj", "{51690CA4-28F8-4FBB-BEBB-491AACF7EBA1}"
EndProject
Project("{8BC9CEB8-8B4A-11D0-8D11-00A0C91BC942}") = "IOTArduino", "IOTArduino\IOTArduino.vcxproj", "{6A5241FC-D660-4AC6-9D62-40DE5724ACC8}"
EndProject
Global
	GlobalSection(SolutionConfigurationPlatforms) = preSolution
		Debug|Any CPU = Debug|Any CPU
		Debug|x64 = Debug|x64
		Debug|x86 = Debug|x86
		Release|Any CPU = Release|Any CPU
		Release|x64 = Release|x64
		Release|x86 = Release|x86
	EndGlobalSection
	GlobalSection(ProjectConfigurationPlatforms) = postSolution
		{6C93D76F-B4A3-49E9-BFB4-7F56621482F6}.Debug|Any CPU.ActiveCfg = Debug|x64
		{6C93D76F-B4A3-49E9-BFB4-7F56621482F6}.Debug|Any CPU.Build.0 = Debug|x64
		{6C93D76F-B4A3-49E9-BFB4-7F56621482F6}.Debug|x64.ActiveCfg = Debug|x64
		{6C93D76F-B4A3-49E9-BFB4-7F56621482F6}.Debug|x64.Build.0 = Debug|x64
		{6C93D76F-B4A3-49E9-BFB4-7F56621482F6}.Debug|x86.ActiveCfg = Debug|Win32
		{6C93D76F-B4A3-49E9-BFB4-7F56621482F6}.Debug|x86.Build.0 = Debug|Win32
		{6C93D76F-B4A3-49E9-BFB4-7F56621482F6}.Release|Any CPU.ActiveCfg = Release|x64
		{6C93D76F-B4A3-49E9-BFB4-7F56621482F6}.Release|Any CPU.Build.0 = Release|x64
		{6C93D76F-B4A3-49E9-BFB4-7F56621482F6}.Release|x64.ActiveCfg = Release|x64
		{6C93D76F-B4A3-49E9-BFB4-7F56621482F6}.Release|x64.Build.0 = Release|x64
		{6C93D76F-B4A3-49E9-BFB4-7F56621482F6}.Release|x86.ActiveCfg = Release|Win32
		{6C93D76F-B4A3-49E9-BFB4-7F56621482F6}.Release|x86.Build.0 = Release|Win32
		{7FC8B0CD-E939-4825-88B2-FE9334EA8D2D}.Debug|Any CPU.ActiveCfg = Debug|Any CPU
		{7FC8B0CD-E939-4825-88B2-FE9334EA8D2D}.Debug|Any CPU.Build.0 = Debug|Any CPU
		{7FC8B0CD-E939-4825-88B2-FE9334EA8D2D}.Debug|x64.ActiveCfg = Debug|Any CPU
		{7FC8B0CD-E939-4825-88B2-FE9334EA8D2D}.Debug|x64.Build.0 = Debug|Any CPU
		{7FC8B0CD-E939-4825-88B2-FE9334EA8D2D}.Debug|x86.ActiveCfg = Debug|Any CPU
		{7FC8B0CD-E939-4825-88B2-FE9334EA8D2D}.Debug|x86.Build.0 = Debug|Any CPU
		{7FC8B0CD-E939-4825-88B2-FE9334EA8D2D}.Release|Any CPU.ActiveCfg = Release|Any CPU
		{7FC8B0CD-E939-4825-88B2-FE9334EA8D2D}.Release|Any CPU.Build.0 = Release|Any CPU
		{7FC8B0CD-E939-4825-88B2-FE9334EA8D2D}.Release|x64.ActiveCfg = Release|Any CPU
		{7FC8B0CD-E939-4825-88B2-FE9334EA8D2D}.Release|x64.Build.0 = Release|Any CPU
		{7FC8B0CD-E939-4825-88B2-FE9334EA8D2D}.Release|x86.ActiveCfg = Release|Any CPU
		{7FC8B0CD-E939-4825-88B2-FE9334EA8D2D}.Release|x86.Build.0 = Release|Any CPU
		{D9515D05-52CA-4CFE-8900-0F58DBC1B212}.Debug|Any CPU.ActiveCfg = Debug|Any CPU
		{D9515D05-52CA-4CFE-8900-0F58DBC1B212}.Debug|Any CPU.Build.0 = Debug|Any CPU
		{D9515D05-52CA-4CFE-8900-0F58DBC1B212}.Debug|x64.ActiveCfg = Debug|Any CPU
		{D9515D05-52CA-4CFE-8900-0F58DBC1B212}.Debug|x64.Build.0 = Debug|Any CPU
		{D9515D05-52CA-4CFE-8900-0F58DBC1B212}.Debug|x86.ActiveCfg = Debug|Any CPU
		{D9515D05-52CA-4CFE-8900-0F58DBC1B212}.Debug|x86.Build.0 = Debug|Any CPU
		{D9515D05-52CA-4CFE-8900-0F58DBC1B212}.Release|Any CPU.ActiveCfg = Release|Any CPU
		{D9515D05-52CA-4CFE-8900-0F58DBC1B212}.Release|Any CPU.Build.0 = Release|Any CPU
		{D9515D05-52CA-4CFE-8900-0F58DBC1B212}.Release|x64.ActiveCfg = Release|Any CPU
		{D9515D05-52CA-4CFE-8900-0F58DBC1B212}.Release|x64.Build.0 = Release|Any CPU
		{D9515D05-52CA-4CFE-8900-0F58DBC1B212}.Release|x86.ActiveCfg = Release|Any CPU
		{D9515D05-52CA-4CFE-8900-0F58DBC1B212}.Release|x86.Build.0 = Release|Any CPU
		{58FCE1D2-1C45-4033-AC5A-94679BA79574}.Debug|Any CPU.ActiveCfg = Debug|Any CPU
		{58FCE1D2-1C45-4033-AC5A-94679BA79574}.Debug|Any CPU.Build.0 = Debug|Any CPU
		{58FCE1D2-1C45-4033-AC5A-94679BA79574}.Debug|x64.ActiveCfg = Debug|Any CPU
		{58FCE1D2-1C45-4033-AC5A-94679BA79574}.Debug|x64.Build.0 = Debug|Any CPU
		{58FCE1D2-1C45-4033-AC5A-94679BA79574}.Debug|x86.ActiveCfg = Debug|Any CPU
		{58FCE1D2-1C45-4033-AC5A-94679BA79574}.Debug|x86.Build.0 = Debug|Any CPU
		{58FCE1D2-1C45-4033-AC5A-94679BA79574}.Release|Any CPU.ActiveCfg = Release|Any CPU
		{58FCE1D2-1C45-4033-AC5A-94679BA79574}.Release|Any CPU.Build.0 = Release|Any CPU
		{58FCE1D2-1C45-4033-AC5A-94679BA79574}.Release|x64.ActiveCfg = Release|Any CPU
		{58FCE1D2-1C45-4033-AC5A-94679BA79574}.Release|x64.Build.0 = Release|Any CPU
		{58FCE1D2-1C45-4033-AC5A-94679BA79574}.Release|x86.ActiveCfg = Release|Any CPU
		{58FCE1D2-1C45-4033-AC5A-94679BA79574}.Release|x86.Build.0 = Release|Any CPU
		{51690CA4-28F8-4FBB-BEBB-491AACF7EBA1}.Debug|Any CPU.ActiveCfg = Debug|Any CPU
		{51690CA4-28F8-4FBB-BEBB-491AACF7EBA1}.Debug|Any CPU.Build.0 = Debug|Any CPU
		{51690CA4-28F8-4FBB-BEBB-491AACF7EBA1}.Debug|x64.ActiveCfg = Debug|Any CPU
		{51690CA4-28F8-4FBB-BEBB-491AACF7EBA1}.Debug|x64.Build.0 = Debug|Any CPU
		{51690CA4-28F8-4FBB-BEBB-491AACF7EBA1}.Debug|x86.ActiveCfg = Debug|Any CPU
		{51690CA4-28F8-4FBB-BEBB-491AACF7EBA1}.Debug|x86.Build.0 = Debug|Any CPU
		{51690CA4-28F8-4FBB-BEBB-491AACF7EBA1}.Release|Any CPU.ActiveCfg = Release|Any CPU
		{51690CA4-28F8-4FBB-BEBB-491AACF7EBA1}.Release|Any CPU.Build.0 = Release|Any CPU
		{51690CA4-28F8-4FBB-BEBB-491AACF7EBA1}.Release|x64.ActiveCfg = Release|Any CPU
		{51690CA4-28F8-4FBB-BEBB-491AACF7EBA1}.Release|x64.Build.0 = Release|Any CPU
		{51690CA4-28F8-4FBB-BEBB-491AACF7EBA1}.Release|x86.ActiveCfg = Release|Any CPU
		{51690CA4-28F8-4FBB-BEBB-491AACF7EBA1}.Release|x86.Build.0 = Release|Any CPU
		{6A5241FC-D660-4AC6-9D62-40DE5724ACC8}.Debug|Any CPU.ActiveCfg = Debug|x64
		{6A5241FC-D660-4AC6-9D62-40DE5724ACC8}.Debug|Any CPU.Build.0 = Debug|x64
		{6A5241FC-D660-4AC6-9D62-40DE5724ACC8}.Debug|x64.ActiveCfg = Debug|x64
		{6A5241FC-D660-4AC6-9D62-40DE5724ACC8}.Debug|x64.Build.0 = Debug|x64
		{6A5241FC-D660-4AC6-9D62-40DE5724ACC8}.Debug|x86.ActiveCfg = Debug|Win32
		{6A5241FC-D660-4AC6-9D62-40DE5724ACC8}.Debug|x86.Build.0 = Debug|Win32
		{6A5241FC-D660-4AC6-9D62-40DE5724ACC8}.Release|Any CPU.ActiveCfg = Release|x64
		{6A5241FC-D660-4AC6-9D62-40DE5724ACC8}.Release|Any CPU.Build.0 = Release|x64
		{6A5241FC-D660-4AC6-9D62-40DE5724ACC8}.Release|x64.ActiveCfg = Release|x64
		{6A5241FC-D660-4AC6-9D62-40DE5724ACC8}.Release|x64.Build.0 = Release|x64
		{6A5241FC-D660-4AC6-9D62-40DE5724ACC8}.Release|x86.ActiveCfg = Release|Win32
		{6A5241FC-D660-4AC6-9D62-40DE5724ACC8}.Release|x86.Build.0 = Release|Win32
	EndGlobalSection
	GlobalSection(SolutionProperties) = preSolution
		HideSolutionNode = FALSE
	EndGlobalSection
	GlobalSection(NestedProjects) = preSolution
		{D9515D05-52CA-4CFE-8900-0F58DBC1B212} = {F4CBDC74-78B4-4FC2-9B43-B6C44B392B88}
		{58FCE1D2-1C45-4033-AC5A-94679BA79574} = {F4CBDC74-78B4-4FC2-9B43-B6C44B392B88}
		{51690CA4-28F8-4FBB-BEBB-491AACF7EBA1} = {F4CBDC74-78B4-4FC2-9B43-B6C44B392B88}
	EndGlobalSection
	GlobalSection(ExtensibilityGlobals) = postSolution
		SolutionGuid = {D94D87CB-BED8-4038-B318-A3C2C24F4BCF}
	EndGlobalSection
EndGlobal
